
Microsoft Visual Studio Solution File, Format Version 12.00
Project("{FAE04EC0-301F-11D3-BF4B-00C04F79EFBC}") = "PM3Project1", "PM3Project1\PM3Project1.csproj", "{62A8E058-A785-4CBB-AE4F-D9BA9426EEF9}"
EndProject
Project("{FAE04EC0-301F-11D3-BF4B-00C04F79EFBC}") = "Classes", "Classes\Classes.csproj", "{469150F7-61DA-4F77-9153-5F179D60D66F}"
EndProject
Project("{FAE04EC0-301F-11D3-BF4B-00C04F79EFBC}") = "Utils", "Utils\Utils.csproj", "{B5AEB46F-54E3-47E4-A912-5A6446846A2F}"
EndProject
Global
	GlobalSection(SolutionConfigurationPlatforms) = preSolution
		Debug|Any CPU = Debug|Any CPU
		Release|Any CPU = Release|Any CPU
	EndGlobalSection
	GlobalSection(ProjectConfigurationPlatforms) = postSolution
		{62A8E058-A785-4CBB-AE4F-D9BA9426EEF9}.Debug|Any CPU.ActiveCfg = Debug|Any CPU
		{62A8E058-A785-4CBB-AE4F-D9BA9426EEF9}.Debug|Any CPU.Build.0 = Debug|Any CPU
		{62A8E058-A785-4CBB-AE4F-D9BA9426EEF9}.Release|Any CPU.ActiveCfg = Release|Any CPU
		{62A8E058-A785-4CBB-AE4F-D9BA9426EEF9}.Release|Any CPU.Build.0 = Release|Any CPU
		{469150F7-61DA-4F77-9153-5F179D60D66F}.Debug|Any CPU.ActiveCfg = Debug|Any CPU
		{469150F7-61DA-4F77-9153-5F179D60D66F}.Debug|Any CPU.Build.0 = Debug|Any CPU
		{469150F7-61DA-4F77-9153-5F179D60D66F}.Release|Any CPU.ActiveCfg = Release|Any CPU
		{469150F7-61DA-4F77-9153-5F179D60D66F}.Release|Any CPU.Build.0 = Release|Any CPU
		{B5AEB46F-54E3-47E4-A912-5A6446846A2F}.Debug|Any CPU.ActiveCfg = Debug|Any CPU
		{B5AEB46F-54E3-47E4-A912-5A6446846A2F}.Debug|Any CPU.Build.0 = Debug|Any CPU
		{B5AEB46F-54E3-47E4-A912-5A6446846A2F}.Release|Any CPU.ActiveCfg = Release|Any CPU
		{B5AEB46F-54E3-47E4-A912-5A6446846A2F}.Release|Any CPU.Build.0 = Release|Any CPU
	EndGlobalSection
EndGlobal
